// !$*UTF8*$!
{
	archiveVersion = 1;
	classes = {
	};
	objectVersion = 46;
	objects = {

/* Begin PBXBuildFile section */
		811C8D941F6935C80057DAEF /* LPFBaseViewController.m in Sources */ = {isa = PBXBuildFile; fileRef = 811C8D931F6935C80057DAEF /* LPFBaseViewController.m */; };
		811C8D971F6936540057DAEF /* LPFMainTabBarController.m in Sources */ = {isa = PBXBuildFile; fileRef = 811C8D961F6936540057DAEF /* LPFMainTabBarController.m */; };
		811C8D9A1F6936890057DAEF /* LPFMainNavigationController.m in Sources */ = {isa = PBXBuildFile; fileRef = 811C8D991F6936890057DAEF /* LPFMainNavigationController.m */; };
		811C8D9F1F6936E60057DAEF /* MianViewController1.m in Sources */ = {isa = PBXBuildFile; fileRef = 811C8D9E1F6936E60057DAEF /* MianViewController1.m */; };
		811C8DA21F6936F30057DAEF /* MainViewController2.m in Sources */ = {isa = PBXBuildFile; fileRef = 811C8DA11F6936F30057DAEF /* MainViewController2.m */; };
		811C8DA51F6936FF0057DAEF /* MainViewController3.m in Sources */ = {isa = PBXBuildFile; fileRef = 811C8DA41F6936FF0057DAEF /* MainViewController3.m */; };
		811C8DA81F69370C0057DAEF /* MianViewController4.m in Sources */ = {isa = PBXBuildFile; fileRef = 811C8DA71F69370C0057DAEF /* MianViewController4.m */; };
		811C8DAB1F6937190057DAEF /* MainViewController5.m in Sources */ = {isa = PBXBuildFile; fileRef = 811C8DAA1F6937190057DAEF /* MainViewController5.m */; };
		814B1A9D1EC8456400CFFBC7 /* main.m in Sources */ = {isa = PBXBuildFile; fileRef = 814B1A9C1EC8456400CFFBC7 /* main.m */; };
		814B1AA01EC8456400CFFBC7 /* AppDelegate.m in Sources */ = {isa = PBXBuildFile; fileRef = 814B1A9F1EC8456400CFFBC7 /* AppDelegate.m */; };
		814B1AA61EC8456400CFFBC7 /* Main.storyboard in Resources */ = {isa = PBXBuildFile; fileRef = 814B1AA41EC8456400CFFBC7 /* Main.storyboard */; };
		814B1AA81EC8456400CFFBC7 /* Assets.xcassets in Resources */ = {isa = PBXBuildFile; fileRef = 814B1AA71EC8456400CFFBC7 /* Assets.xcassets */; };
		814B1AAB1EC8456400CFFBC7 /* LaunchScreen.storyboard in Resources */ = {isa = PBXBuildFile; fileRef = 814B1AA91EC8456400CFFBC7 /* LaunchScreen.storyboard */; };
		814B1AB61EC8456500CFFBC7 /* testTests.m in Sources */ = {isa = PBXBuildFile; fileRef = 814B1AB51EC8456500CFFBC7 /* testTests.m */; };
		814B1AC11EC8456500CFFBC7 /* testUITests.m in Sources */ = {isa = PBXBuildFile; fileRef = 814B1AC01EC8456500CFFBC7 /* testUITests.m */; };
		817173DE1F7B9C99007475CC /* LPFSearchController.m in Sources */ = {isa = PBXBuildFile; fileRef = 817173DD1F7B9C99007475CC /* LPFSearchController.m */; };
		817173E11F7B9EFF007475CC /* LPFSrarchViewController.m in Sources */ = {isa = PBXBuildFile; fileRef = 817173E01F7B9EFF007475CC /* LPFSrarchViewController.m */; };
/* End PBXBuildFile section */

/* Begin PBXContainerItemProxy section */
		814B1AB21EC8456500CFFBC7 /* PBXContainerItemProxy */ = {
			isa = PBXContainerItemProxy;
			containerPortal = 814B1A901EC8456400CFFBC7 /* Project object */;
			proxyType = 1;
			remoteGlobalIDString = 814B1A971EC8456400CFFBC7;
			remoteInfo = test;
		};
		814B1ABD1EC8456500CFFBC7 /* PBXContainerItemProxy */ = {
			isa = PBXContainerItemProxy;
			containerPortal = 814B1A901EC8456400CFFBC7 /* Project object */;
			proxyType = 1;
			remoteGlobalIDString = 814B1A971EC8456400CFFBC7;
			remoteInfo = test;
		};
/* End PBXContainerItemProxy section */

/* Begin PBXFileReference section */
		811C8D901F6934070057DAEF /* LPF-Prefix.pch */ = {isa = PBXFileReference; lastKnownFileType = sourcecode.c.h; path = "LPF-Prefix.pch"; sourceTree = "<group>"; };
		811C8D921F6935C80057DAEF /* LPFBaseViewController.h */ = {isa = PBXFileReference; fileEncoding = 4; lastKnownFileType = sourcecode.c.h; path = LPFBaseViewController.h; sourceTree = "<group>"; };
		811C8D931F6935C80057DAEF /* LPFBaseViewController.m */ = {isa = PBXFileReference; fileEncoding = 4; lastKnownFileType = sourcecode.c.objc; path = LPFBaseViewController.m; sourceTree = "<group>"; };
		811C8D951F6936540057DAEF /* LPFMainTabBarController.h */ = {isa = PBXFileReference; fileEncoding = 4; lastKnownFileType = sourcecode.c.h; path = LPFMainTabBarController.h; sourceTree = "<group>"; };
		811C8D961F6936540057DAEF /* LPFMainTabBarController.m */ = {isa = PBXFileReference; fileEncoding = 4; lastKnownFileType = sourcecode.c.objc; path = LPFMainTabBarController.m; sourceTree = "<group>"; };
		811C8D981F6936890057DAEF /* LPFMainNavigationController.h */ = {isa = PBXFileReference; fileEncoding = 4; lastKnownFileType = sourcecode.c.h; path = LPFMainNavigationController.h; sourceTree = "<group>"; };
		811C8D991F6936890057DAEF /* LPFMainNavigationController.m */ = {isa = PBXFileReference; fileEncoding = 4; lastKnownFileType = sourcecode.c.objc; path = LPFMainNavigationController.m; sourceTree = "<group>"; };
		811C8D9D1F6936E60057DAEF /* MianViewController1.h */ = {isa = PBXFileReference; fileEncoding = 4; lastKnownFileType = sourcecode.c.h; path = MianViewController1.h; sourceTree = "<group>"; };
		811C8D9E1F6936E60057DAEF /* MianViewController1.m */ = {isa = PBXFileReference; fileEncoding = 4; lastKnownFileType = sourcecode.c.objc; path = MianViewController1.m; sourceTree = "<group>"; };
		811C8DA01F6936F30057DAEF /* MainViewController2.h */ = {isa = PBXFileReference; fileEncoding = 4; lastKnownFileType = sourcecode.c.h; path = MainViewController2.h; sourceTree = "<group>"; };
		811C8DA11F6936F30057DAEF /* MainViewController2.m */ = {isa = PBXFileReference; fileEncoding = 4; lastKnownFileType = sourcecode.c.objc; path = MainViewController2.m; sourceTree = "<group>"; };
		811C8DA31F6936FF0057DAEF /* MainViewController3.h */ = {isa = PBXFileReference; fileEncoding = 4; lastKnownFileType = sourcecode.c.h; path = MainViewController3.h; sourceTree = "<group>"; };
		811C8DA41F6936FF0057DAEF /* MainViewController3.m */ = {isa = PBXFileReference; fileEncoding = 4; lastKnownFileType = sourcecode.c.objc; path = MainViewController3.m; sourceTree = "<group>"; };
		811C8DA61F69370C0057DAEF /* MianViewController4.h */ = {isa = PBXFileReference; fileEncoding = 4; lastKnownFileType = sourcecode.c.h; path = MianViewController4.h; sourceTree = "<group>"; };
		811C8DA71F69370C0057DAEF /* MianViewController4.m */ = {isa = PBXFileReference; fileEncoding = 4; lastKnownFileType = sourcecode.c.objc; path = MianViewController4.m; sourceTree = "<group>"; };
		811C8DA91F6937190057DAEF /* MainViewController5.h */ = {isa = PBXFileReference; fileEncoding = 4; lastKnownFileType = sourcecode.c.h; path = MainViewController5.h; sourceTree = "<group>"; };
		811C8DAA1F6937190057DAEF /* MainViewController5.m */ = {isa = PBXFileReference; fileEncoding = 4; lastKnownFileType = sourcecode.c.objc; path = MainViewController5.m; sourceTree = "<group>"; };
		814B1A981EC8456400CFFBC7 /* test.app */ = {isa = PBXFileReference; explicitFileType = wrapper.application; includeInIndex = 0; path = test.app; sourceTree = BUILT_PRODUCTS_DIR; };
		814B1A9C1EC8456400CFFBC7 /* main.m */ = {isa = PBXFileReference; lastKnownFileType = sourcecode.c.objc; path = main.m; sourceTree = "<group>"; };
		814B1A9E1EC8456400CFFBC7 /* AppDelegate.h */ = {isa = PBXFileReference; lastKnownFileType = sourcecode.c.h; path = AppDelegate.h; sourceTree = "<group>"; };
		814B1A9F1EC8456400CFFBC7 /* AppDelegate.m */ = {isa = PBXFileReference; lastKnownFileType = sourcecode.c.objc; path = AppDelegate.m; sourceTree = "<group>"; };
		814B1AA51EC8456400CFFBC7 /* Base */ = {isa = PBXFileReference; lastKnownFileType = file.storyboard; name = Base; path = Base.lproj/Main.storyboard; sourceTree = "<group>"; };
		814B1AA71EC8456400CFFBC7 /* Assets.xcassets */ = {isa = PBXFileReference; lastKnownFileType = folder.assetcatalog; path = Assets.xcassets; sourceTree = "<group>"; };
		814B1AAA1EC8456400CFFBC7 /* Base */ = {isa = PBXFileReference; lastKnownFileType = file.storyboard; name = Base; path = Base.lproj/LaunchScreen.storyboard; sourceTree = "<group>"; };
		814B1AAC1EC8456400CFFBC7 /* Info.plist */ = {isa = PBXFileReference; lastKnownFileType = text.plist.xml; path = Info.plist; sourceTree = "<group>"; };
		814B1AB11EC8456500CFFBC7 /* testTests.xctest */ = {isa = PBXFileReference; explicitFileType = wrapper.cfbundle; includeInIndex = 0; path = testTests.xctest; sourceTree = BUILT_PRODUCTS_DIR; };
		814B1AB51EC8456500CFFBC7 /* testTests.m */ = {isa = PBXFileReference; lastKnownFileType = sourcecode.c.objc; path = testTests.m; sourceTree = "<group>"; };
		814B1AB71EC8456500CFFBC7 /* Info.plist */ = {isa = PBXFileReference; lastKnownFileType = text.plist.xml; path = Info.plist; sourceTree = "<group>"; };
		814B1ABC1EC8456500CFFBC7 /* testUITests.xctest */ = {isa = PBXFileReference; explicitFileType = wrapper.cfbundle; includeInIndex = 0; path = testUITests.xctest; sourceTree = BUILT_PRODUCTS_DIR; };
		814B1AC01EC8456500CFFBC7 /* testUITests.m */ = {isa = PBXFileReference; lastKnownFileType = sourcecode.c.objc; path = testUITests.m; sourceTree = "<group>"; };
		814B1AC21EC8456500CFFBC7 /* Info.plist */ = {isa = PBXFileReference; lastKnownFileType = text.plist.xml; path = Info.plist; sourceTree = "<group>"; };
		817173DC1F7B9C99007475CC /* LPFSearchController.h */ = {isa = PBXFileReference; fileEncoding = 4; lastKnownFileType = sourcecode.c.h; path = LPFSearchController.h; sourceTree = "<group>"; };
		817173DD1F7B9C99007475CC /* LPFSearchController.m */ = {isa = PBXFileReference; fileEncoding = 4; lastKnownFileType = sourcecode.c.objc; path = LPFSearchController.m; sourceTree = "<group>"; };
		817173DF1F7B9EFF007475CC /* LPFSrarchViewController.h */ = {isa = PBXFileReference; fileEncoding = 4; lastKnownFileType = sourcecode.c.h; path = LPFSrarchViewController.h; sourceTree = "<group>"; };
		817173E01F7B9EFF007475CC /* LPFSrarchViewController.m */ = {isa = PBXFileReference; fileEncoding = 4; lastKnownFileType = sourcecode.c.objc; path = LPFSrarchViewController.m; sourceTree = "<group>"; };
/* End PBXFileReference section */

/* Begin PBXFrameworksBuildPhase section */
		814B1A951EC8456400CFFBC7 /* Frameworks */ = {
			isa = PBXFrameworksBuildPhase;
			buildActionMask = 2147483647;
			files = (
			);
			runOnlyForDeploymentPostprocessing = 0;
		};
		814B1AAE1EC8456500CFFBC7 /* Frameworks */ = {
			isa = PBXFrameworksBuildPhase;
			buildActionMask = 2147483647;
			files = (
			);
			runOnlyForDeploymentPostprocessing = 0;
		};
		814B1AB91EC8456500CFFBC7 /* Frameworks */ = {
			isa = PBXFrameworksBuildPhase;
			buildActionMask = 2147483647;
			files = (
			);
			runOnlyForDeploymentPostprocessing = 0;
		};
/* End PBXFrameworksBuildPhase section */

/* Begin PBXGroup section */
		811C8D911F6935380057DAEF /* LPFbaseViewControllers */ = {
			isa = PBXGroup;
			children = (
				817173DB1F7B9C3C007475CC /* controller1s */,
				811C8D921F6935C80057DAEF /* LPFBaseViewController.h */,
				811C8D931F6935C80057DAEF /* LPFBaseViewController.m */,
				811C8D951F6936540057DAEF /* LPFMainTabBarController.h */,
				811C8D961F6936540057DAEF /* LPFMainTabBarController.m */,
				811C8D981F6936890057DAEF /* LPFMainNavigationController.h */,
				811C8D991F6936890057DAEF /* LPFMainNavigationController.m */,
			);
			path = LPFbaseViewControllers;
			sourceTree = "<group>";
		};
		811C8D9C1F6936AA0057DAEF /* LPFSubControllers */ = {
			isa = PBXGroup;
			children = (
				811C8D9D1F6936E60057DAEF /* MianViewController1.h */,
				811C8D9E1F6936E60057DAEF /* MianViewController1.m */,
				811C8DA01F6936F30057DAEF /* MainViewController2.h */,
				811C8DA11F6936F30057DAEF /* MainViewController2.m */,
				811C8DA31F6936FF0057DAEF /* MainViewController3.h */,
				811C8DA41F6936FF0057DAEF /* MainViewController3.m */,
				811C8DA61F69370C0057DAEF /* MianViewController4.h */,
				811C8DA71F69370C0057DAEF /* MianViewController4.m */,
				811C8DA91F6937190057DAEF /* MainViewController5.h */,
				811C8DAA1F6937190057DAEF /* MainViewController5.m */,
			);
			path = LPFSubControllers;
			sourceTree = "<group>";
		};
		814B1A8F1EC8456400CFFBC7 = {
			isa = PBXGroup;
			children = (
				814B1A9A1EC8456400CFFBC7 /* test */,
				814B1AB41EC8456500CFFBC7 /* testTests */,
				814B1ABF1EC8456500CFFBC7 /* testUITests */,
				814B1A991EC8456400CFFBC7 /* Products */,
			);
			sourceTree = "<group>";
		};
		814B1A991EC8456400CFFBC7 /* Products */ = {
			isa = PBXGroup;
			children = (
				814B1A981EC8456400CFFBC7 /* test.app */,
				814B1AB11EC8456500CFFBC7 /* testTests.xctest */,
				814B1ABC1EC8456500CFFBC7 /* testUITests.xctest */,
			);
			name = Products;
			sourceTree = "<group>";
		};
		814B1A9A1EC8456400CFFBC7 /* test */ = {
			isa = PBXGroup;
			children = (
				814B1A9E1EC8456400CFFBC7 /* AppDelegate.h */,
				814B1A9F1EC8456400CFFBC7 /* AppDelegate.m */,
				811C8D9C1F6936AA0057DAEF /* LPFSubControllers */,
				811C8D911F6935380057DAEF /* LPFbaseViewControllers */,
				814B1AA41EC8456400CFFBC7 /* Main.storyboard */,
				814B1AA71EC8456400CFFBC7 /* Assets.xcassets */,
				814B1AA91EC8456400CFFBC7 /* LaunchScreen.storyboard */,
				814B1AAC1EC8456400CFFBC7 /* Info.plist */,
				814B1A9B1EC8456400CFFBC7 /* Supporting Files */,
			);
			path = test;
			sourceTree = "<group>";
		};
		814B1A9B1EC8456400CFFBC7 /* Supporting Files */ = {
			isa = PBXGroup;
			children = (
				814B1A9C1EC8456400CFFBC7 /* main.m */,
				811C8D901F6934070057DAEF /* LPF-Prefix.pch */,
			);
			name = "Supporting Files";
			sourceTree = "<group>";
		};
		814B1AB41EC8456500CFFBC7 /* testTests */ = {
			isa = PBXGroup;
			children = (
				814B1AB51EC8456500CFFBC7 /* testTests.m */,
				814B1AB71EC8456500CFFBC7 /* Info.plist */,
			);
			path = testTests;
			sourceTree = "<group>";
		};
		814B1ABF1EC8456500CFFBC7 /* testUITests */ = {
			isa = PBXGroup;
			children = (
				814B1AC01EC8456500CFFBC7 /* testUITests.m */,
				814B1AC21EC8456500CFFBC7 /* Info.plist */,
			);
			path = testUITests;
			sourceTree = "<group>";
		};
		817173DB1F7B9C3C007475CC /* controller1s */ = {
			isa = PBXGroup;
			children = (
				817173DC1F7B9C99007475CC /* LPFSearchController.h */,
				817173DD1F7B9C99007475CC /* LPFSearchController.m */,
				817173DF1F7B9EFF007475CC /* LPFSrarchViewController.h */,
				817173E01F7B9EFF007475CC /* LPFSrarchViewController.m */,
			);
			name = controller1s;
			sourceTree = "<group>";
		};
/* End PBXGroup section */

/* Begin PBXNativeTarget section */
		814B1A971EC8456400CFFBC7 /* test */ = {
			isa = PBXNativeTarget;
			buildConfigurationList = 814B1AC51EC8456500CFFBC7 /* Build configuration list for PBXNativeTarget "test" */;
			buildPhases = (
				814B1A941EC8456400CFFBC7 /* Sources */,
				814B1A951EC8456400CFFBC7 /* Frameworks */,
				814B1A961EC8456400CFFBC7 /* Resources */,
			);
			buildRules = (
			);
			dependencies = (
			);
			name = test;
			productName = test;
			productReference = 814B1A981EC8456400CFFBC7 /* test.app */;
			productType = "com.apple.product-type.application";
		};
		814B1AB01EC8456500CFFBC7 /* testTests */ = {
			isa = PBXNativeTarget;
			buildConfigurationList = 814B1AC81EC8456500CFFBC7 /* Build configuration list for PBXNativeTarget "testTests" */;
			buildPhases = (
				814B1AAD1EC8456500CFFBC7 /* Sources */,
				814B1AAE1EC8456500CFFBC7 /* Frameworks */,
				814B1AAF1EC8456500CFFBC7 /* Resources */,
			);
			buildRules = (
			);
			dependencies = (
				814B1AB31EC8456500CFFBC7 /* PBXTargetDependency */,
			);
			name = testTests;
			productName = testTests;
			productReference = 814B1AB11EC8456500CFFBC7 /* testTests.xctest */;
			productType = "com.apple.product-type.bundle.unit-test";
		};
		814B1ABB1EC8456500CFFBC7 /* testUITests */ = {
			isa = PBXNativeTarget;
			buildConfigurationList = 814B1ACB1EC8456500CFFBC7 /* Build configuration list for PBXNativeTarget "testUITests" */;
			buildPhases = (
				814B1AB81EC8456500CFFBC7 /* Sources */,
				814B1AB91EC8456500CFFBC7 /* Frameworks */,
				814B1ABA1EC8456500CFFBC7 /* Resources */,
			);
			buildRules = (
			);
			dependencies = (
				814B1ABE1EC8456500CFFBC7 /* PBXTargetDependency */,
			);
			name = testUITests;
			productName = testUITests;
			productReference = 814B1ABC1EC8456500CFFBC7 /* testUITests.xctest */;
			productType = "com.apple.product-type.bundle.ui-testing";
		};
/* End PBXNativeTarget section */

/* Begin PBXProject section */
		814B1A901EC8456400CFFBC7 /* Project object */ = {
			isa = PBXProject;
			attributes = {
				LastUpgradeCheck = 0830;
				ORGANIZATIONNAME = "李鹏飞";
				TargetAttributes = {
					814B1A971EC8456400CFFBC7 = {
						CreatedOnToolsVersion = 8.3.1;
						ProvisioningStyle = Automatic;
					};
					814B1AB01EC8456500CFFBC7 = {
						CreatedOnToolsVersion = 8.3.1;
						ProvisioningStyle = Automatic;
						TestTargetID = 814B1A971EC8456400CFFBC7;
					};
					814B1ABB1EC8456500CFFBC7 = {
						CreatedOnToolsVersion = 8.3.1;
						ProvisioningStyle = Automatic;
						TestTargetID = 814B1A971EC8456400CFFBC7;
					};
				};
			};
			buildConfigurationList = 814B1A931EC8456400CFFBC7 /* Build configuration list for PBXProject "test" */;
			compatibilityVersion = "Xcode 3.2";
			developmentRegion = English;
			hasScannedForEncodings = 0;
			knownRegions = (
				en,
				Base,
			);
			mainGroup = 814B1A8F1EC8456400CFFBC7;
			productRefGroup = 814B1A991EC8456400CFFBC7 /* Products */;
			projectDirPath = "";
			projectRoot = "";
			targets = (
				814B1A971EC8456400CFFBC7 /* test */,
				814B1AB01EC8456500CFFBC7 /* testTests */,
				814B1ABB1EC8456500CFFBC7 /* testUITests */,
			);
		};
/* End PBXProject section */

/* Begin PBXResourcesBuildPhase section */
		814B1A961EC8456400CFFBC7 /* Resources */ = {
			isa = PBXResourcesBuildPhase;
			buildActionMask = 2147483647;
			files = (
				814B1AAB1EC8456400CFFBC7 /* LaunchScreen.storyboard in Resources */,
				814B1AA81EC8456400CFFBC7 /* Assets.xcassets in Resources */,
				814B1AA61EC8456400CFFBC7 /* Main.storyboard in Resources */,
			);
			runOnlyForDeploymentPostprocessing = 0;
		};
		814B1AAF1EC8456500CFFBC7 /* Resources */ = {
			isa = PBXResourcesBuildPhase;
			buildActionMask = 2147483647;
			files = (
			);
			runOnlyForDeploymentPostprocessing = 0;
		};
		814B1ABA1EC8456500CFFBC7 /* Resources */ = {
			isa = PBXResourcesBuildPhase;
			buildActionMask = 2147483647;
			files = (
			);
			runOnlyForDeploymentPostprocessing = 0;
		};
/* End PBXResourcesBuildPhase section */

/* Begin PBXSourcesBuildPhase section */
		814B1A941EC8456400CFFBC7 /* Sources */ = {
			isa = PBXSourcesBuildPhase;
			buildActionMask = 2147483647;
			files = (
				817173E11F7B9EFF007475CC /* LPFSrarchViewController.m in Sources */,
				811C8DA51F6936FF0057DAEF /* MainViewController3.m in Sources */,
				811C8D9A1F6936890057DAEF /* LPFMainNavigationController.m in Sources */,
				811C8D971F6936540057DAEF /* LPFMainTabBarController.m in Sources */,
				817173DE1F7B9C99007475CC /* LPFSearchController.m in Sources */,
				811C8DA81F69370C0057DAEF /* MianViewController4.m in Sources */,
				814B1AA01EC8456400CFFBC7 /* AppDelegate.m in Sources */,
				811C8D941F6935C80057DAEF /* LPFBaseViewController.m in Sources */,
				814B1A9D1EC8456400CFFBC7 /* main.m in Sources */,
				811C8DA21F6936F30057DAEF /* MainViewController2.m in Sources */,
				811C8DAB1F6937190057DAEF /* MainViewController5.m in Sources */,
				811C8D9F1F6936E60057DAEF /* MianViewController1.m in Sources */,
			);
			runOnlyForDeploymentPostprocessing = 0;
		};
		814B1AAD1EC8456500CFFBC7 /* Sources */ = {
			isa = PBXSourcesBuildPhase;
			buildActionMask = 2147483647;
			files = (
				814B1AB61EC8456500CFFBC7 /* testTests.m in Sources */,
			);
			runOnlyForDeploymentPostprocessing = 0;
		};
		814B1AB81EC8456500CFFBC7 /* Sources */ = {
			isa = PBXSourcesBuildPhase;
			buildActionMask = 2147483647;
			files = (
				814B1AC11EC8456500CFFBC7 /* testUITests.m in Sources */,
			);
			runOnlyForDeploymentPostprocessing = 0;
		};
/* End PBXSourcesBuildPhase section */

/* Begin PBXTargetDependency section */
		814B1AB31EC8456500CFFBC7 /* PBXTargetDependency */ = {
			isa = PBXTargetDependency;
			target = 814B1A971EC8456400CFFBC7 /* test */;
			targetProxy = 814B1AB21EC8456500CFFBC7 /* PBXContainerItemProxy */;
		};
		814B1ABE1EC8456500CFFBC7 /* PBXTargetDependency */ = {
			isa = PBXTargetDependency;
			target = 814B1A971EC8456400CFFBC7 /* test */;
			targetProxy = 814B1ABD1EC8456500CFFBC7 /* PBXContainerItemProxy */;
		};
/* End PBXTargetDependency section */

/* Begin PBXVariantGroup section */
		814B1AA41EC8456400CFFBC7 /* Main.storyboard */ = {
			isa = PBXVariantGroup;
			children = (
				814B1AA51EC8456400CFFBC7 /* Base */,
			);
			name = Main.storyboard;
			sourceTree = "<group>";
		};
		814B1AA91EC8456400CFFBC7 /* LaunchScreen.storyboard */ = {
			isa = PBXVariantGroup;
			children = (
				814B1AAA1EC8456400CFFBC7 /* Base */,
			);
			name = LaunchScreen.storyboard;
			sourceTree = "<group>";
		};
/* End PBXVariantGroup section */

/* Begin XCBuildConfiguration section */
		814B1AC31EC8456500CFFBC7 /* Debug */ = {
			isa = XCBuildConfiguration;
			buildSettings = {
				ALWAYS_SEARCH_USER_PATHS = NO;
				CLANG_ANALYZER_NONNULL = YES;
				CLANG_ANALYZER_NUMBER_OBJECT_CONVERSION = YES_AGGRESSIVE;
				CLANG_CXX_LANGUAGE_STANDARD = "gnu++0x";
				CLANG_CXX_LIBRARY = "libc++";
				CLANG_ENABLE_MODULES = YES;
				CLANG_ENABLE_OBJC_ARC = YES;
				CLANG_WARN_BOOL_CONVERSION = YES;
				CLANG_WARN_CONSTANT_CONVERSION = YES;
				CLANG_WARN_DIRECT_OBJC_ISA_USAGE = YES_ERROR;
				CLANG_WARN_DOCUMENTATION_COMMENTS = YES;
				CLANG_WARN_EMPTY_BODY = YES;
				CLANG_WARN_ENUM_CONVERSION = YES;
				CLANG_WARN_INFINITE_RECURSION = YES;
				CLANG_WARN_INT_CONVERSION = YES;
				CLANG_WARN_OBJC_ROOT_CLASS = YES_ERROR;
				CLANG_WARN_SUSPICIOUS_MOVE = YES;
				CLANG_WARN_UNREACHABLE_CODE = YES;
				CLANG_WARN__DUPLICATE_METHOD_MATCH = YES;
				"CODE_SIGN_IDENTITY[sdk=iphoneos*]" = "iPhone Developer";
				COPY_HEADERS_RUN_UNIFDEF = YES;
				COPY_HEADERS_UNIFDEF_FLAGS = "\"$(SRCROOT)/test/LPF-Prefix.pch\"";
				COPY_PHASE_STRIP = NO;
				DEBUG_INFORMATION_FORMAT = dwarf;
				ENABLE_STRICT_OBJC_MSGSEND = YES;
				ENABLE_TESTABILITY = YES;
				GCC_C_LANGUAGE_STANDARD = gnu99;
				GCC_DYNAMIC_NO_PIC = NO;
				GCC_NO_COMMON_BLOCKS = YES;
				GCC_OPTIMIZATION_LEVEL = 0;
				GCC_PREPROCESSOR_DEFINITIONS = (
					"DEBUG=1",
					"$(inherited)",
				);
				GCC_WARN_64_TO_32_BIT_CONVERSION = YES;
				GCC_WARN_ABOUT_RETURN_TYPE = YES_ERROR;
				GCC_WARN_UNDECLARED_SELECTOR = YES;
				GCC_WARN_UNINITIALIZED_AUTOS = YES_AGGRESSIVE;
				GCC_WARN_UNUSED_FUNCTION = YES;
				GCC_WARN_UNUSED_VARIABLE = YES;
				IPHONEOS_DEPLOYMENT_TARGET = 10.3;
				MTL_ENABLE_DEBUG_INFO = YES;
				ONLY_ACTIVE_ARCH = YES;
				SDKROOT = iphoneos;
				TARGETED_DEVICE_FAMILY = "1,2";
			};
			name = Debug;
		};
		814B1AC41EC8456500CFFBC7 /* Release */ = {
			isa = XCBuildConfiguration;
			buildSettings = {
				ALWAYS_SEARCH_USER_PATHS = NO;
				CLANG_ANALYZER_NONNULL = YES;
				CLANG_ANALYZER_NUMBER_OBJECT_CONVERSION = YES_AGGRESSIVE;
				CLANG_CXX_LANGUAGE_STANDARD = "gnu++0x";
				CLANG_CXX_LIBRARY = "libc++";
				CLANG_ENABLE_MODULES = YES;
				CLANG_ENABLE_OBJC_ARC = YES;
				CLANG_WARN_BOOL_CONVERSION = YES;
				CLANG_WARN_CONSTANT_CONVERSION = YES;
				CLANG_WARN_DIRECT_OBJC_ISA_USAGE = YES_ERROR;
				CLANG_WARN_DOCUMENTATION_COMMENTS = YES;
				CLANG_WARN_EMPTY_BODY = YES;
				CLANG_WARN_ENUM_CONVERSION = YES;
				CLANG_WARN_INFINITE_RECURSION = YES;
				CLANG_WARN_INT_CONVERSION = YES;
				CLANG_WARN_OBJC_ROOT_CLASS = YES_ERROR;
				CLANG_WARN_SUSPICIOUS_MOVE = YES;
				CLANG_WARN_UNREACHABLE_CODE = YES;
				CLANG_WARN__DUPLICATE_METHOD_MATCH = YES;
				"CODE_SIGN_IDENTITY[sdk=iphoneos*]" = "iPhone Developer";
				COPY_HEADERS_RUN_UNIFDEF = YES;
				COPY_HEADERS_UNIFDEF_FLAGS = "\"$(SRCROOT)/test/LPF-Prefix.pch\"";
				COPY_PHASE_STRIP = NO;
				DEBUG_INFORMATION_FORMAT = "dwarf-with-dsym";
				ENABLE_NS_ASSERTIONS = NO;
				ENABLE_STRICT_OBJC_MSGSEND = YES;
				GCC_C_LANGUAGE_STANDARD = gnu99;
				GCC_NO_COMMON_BLOCKS = YES;
				GCC_WARN_64_TO_32_BIT_CONVERSION = YES;
				GCC_WARN_ABOUT_RETURN_TYPE = YES_ERROR;
				GCC_WARN_UNDECLARED_SELECTOR = YES;
				GCC_WARN_UNINITIALIZED_AUTOS = YES_AGGRESSIVE;
				GCC_WARN_UNUSED_FUNCTION = YES;
				GCC_WARN_UNUSED_VARIABLE = YES;
				IPHONEOS_DEPLOYMENT_TARGET = 10.3;
				MTL_ENABLE_DEBUG_INFO = NO;
				SDKROOT = iphoneos;
				TARGETED_DEVICE_FAMILY = "1,2";
				VALIDATE_PRODUCT = YES;
			};
			name = Release;
		};
		814B1AC61EC8456500CFFBC7 /* Debug */ = {
			isa = XCBuildConfiguration;
			buildSettings = {
				ASSETCATALOG_COMPILER_APPICON_NAME = AppIcon;
				INFOPLIST_FILE = test/Info.plist;
				LD_RUNPATH_SEARCH_PATHS = "$(inherited) @executable_path/Frameworks";
				PRODUCT_BUNDLE_IDENTIFIER = app.test;
				PRODUCT_NAME = "$(TARGET_NAME)";
			};
			name = Debug;
		};
		814B1AC71EC8456500CFFBC7 /* Release */ = {
			isa = XCBuildConfiguration;
			buildSettings = {
				ASSETCATALOG_COMPILER_APPICON_NAME = AppIcon;
				INFOPLIST_FILE = test/Info.plist;
				LD_RUNPATH_SEARCH_PATHS = "$(inherited) @executable_path/Frameworks";
				PRODUCT_BUNDLE_IDENTIFIER = app.test;
				PRODUCT_NAME = "$(TARGET_NAME)";
			};
			name = Release;
		};
		814B1AC91EC8456500CFFBC7 /* Debug */ = {
			isa = XCBuildConfiguration;
			buildSettings = {
				BUNDLE_LOADER = "$(TEST_HOST)";
				INFOPLIST_FILE = testTests/Info.plist;
				LD_RUNPATH_SEARCH_PATHS = "$(inherited) @executable_path/Frameworks @loader_path/Frameworks";
				PRODUCT_BUNDLE_IDENTIFIER = app.testTests;
				PRODUCT_NAME = "$(TARGET_NAME)";
				TEST_HOST = "$(BUILT_PRODUCTS_DIR)/test.app/test";
			};
			name = Debug;
		};
		814B1ACA1EC8456500CFFBC7 /* Release */ = {
			isa = XCBuildConfiguration;
			buildSettings = {
				BUNDLE_LOADER = "$(TEST_HOST)";
				INFOPLIST_FILE = testTests/Info.plist;
				LD_RUNPATH_SEARCH_PATHS = "$(inherited) @executable_path/Frameworks @loader_path/Frameworks";
				PRODUCT_BUNDLE_IDENTIFIER = app.testTests;
				PRODUCT_NAME = "$(TARGET_NAME)";
				TEST_HOST = "$(BUILT_PRODUCTS_DIR)/test.app/test";
			};
			name = Release;
		};
		814B1ACC1EC8456500CFFBC7 /* Debug */ = {
			isa = XCBuildConfiguration;
			buildSettings = {
				INFOPLIST_FILE = testUITests/Info.plist;
				LD_RUNPATH_SEARCH_PATHS = "$(inherited) @executable_path/Frameworks @loader_path/Frameworks";
				PRODUCT_BUNDLE_IDENTIFIER = app.testUITests;
				PRODUCT_NAME = "$(TARGET_NAME)";
				TEST_TARGET_NAME = test;
			};
			name = Debug;
		};
		814B1ACD1EC8456500CFFBC7 /* Release */ = {
			isa = XCBuildConfiguration;
			buildSettings = {
				INFOPLIST_FILE = testUITests/Info.plist;
				LD_RUNPATH_SEARCH_PATHS = "$(inherited) @executable_path/Frameworks @loader_path/Frameworks";
				PRODUCT_BUNDLE_IDENTIFIER = app.testUITests;
				PRODUCT_NAME = "$(TARGET_NAME)";
				TEST_TARGET_NAME = test;
			};
			name = Release;
		};
/* End XCBuildConfiguration section */

/* Begin XCConfigurationList section */
		814B1A931EC8456400CFFBC7 /* Build configuration list for PBXProject "test" */ = {
			isa = XCConfigurationList;
			buildConfigurations = (
				814B1AC31EC8456500CFFBC7 /* Debug */,
				814B1AC41EC8456500CFFBC7 /* Release */,
			);
			defaultConfigurationIsVisible = 0;
			defaultConfigurationName = Release;
		};
		814B1AC51EC8456500CFFBC7 /* Build configuration list for PBXNativeTarget "test" */ = {
			isa = XCConfigurationList;
			buildConfigurations = (
				814B1AC61EC8456500CFFBC7 /* Debug */,
				814B1AC71EC8456500CFFBC7 /* Release */,
			);
			defaultConfigurationIsVisible = 0;
			defaultConfigurationName = Release;
		};
		814B1AC81EC8456500CFFBC7 /* Build configuration list for PBXNativeTarget "testTests" */ = {
			isa = XCConfigurationList;
			buildConfigurations = (
				814B1AC91EC8456500CFFBC7 /* Debug */,
				814B1ACA1EC8456500CFFBC7 /* Release */,
			);
			defaultConfigurationIsVisible = 0;
			defaultConfigurationName = Release;
		};
		814B1ACB1EC8456500CFFBC7 /* Build configuration list for PBXNativeTarget "testUITests" */ = {
			isa = XCConfigurationList;
			buildConfigurations = (
				814B1ACC1EC8456500CFFBC7 /* Debug */,
				814B1ACD1EC8456500CFFBC7 /* Release */,
			);
			defaultConfigurationIsVisible = 0;
			defaultConfigurationName = Release;
		};
/* End XCConfigurationList section */
	};
	rootObject = 814B1A901EC8456400CFFBC7 /* Project object */;
}
